
Microsoft Visual Studio Solution File, Format Version 12.00
Project("{FAE04EC0-301F-11D3-BF4B-00C04F79EFBC}") = "GitHubIssueClassification", "GitHubIssueClassification\GitHubIssueClassification.csproj", "{65D11803-AA02-4C8B-AC19-526A50C6045B}"
EndProject
Project("{FAE04EC0-301F-11D3-BF4B-00C04F79EFBC}") = "TaxiFarePrediction", "TaxiFarePrediction\TaxiFarePrediction.csproj", "{EB10A1B0-6DDE-40C3-A75E-E6BB670D8B49}"
EndProject
Project("{FAE04EC0-301F-11D3-BF4B-00C04F79EFBC}") = "IrisFlowerClustering", "IrisFlowerClustering\IrisFlowerClustering.csproj", "{D16C2971-44D5-44CD-95DD-BDA5C77DE355}"
EndProject
Project("{FAE04EC0-301F-11D3-BF4B-00C04F79EFBC}") = "SentimentAnalysis", "SentimentAnalysis\SentimentAnalysis.csproj", "{ABFA25C6-2F41-43B4-8A49-C8E772E8A91B}"
EndProject
Project("{FAE04EC0-301F-11D3-BF4B-00C04F79EFBC}") = "MovieRecommender", "MovieRecommender\MovieRecommender.csproj", "{4FE17BCD-C306-4A73-A382-35CB0F970ABA}"
EndProject
Project("{FAE04EC0-301F-11D3-BF4B-00C04F79EFBC}") = "TransferLearningTF", "TransferLearningTF\TransferLearningTF.csproj", "{34D24163-1996-4FC1-A174-2E962F63E7D9}"
EndProject
Project("{FAE04EC0-301F-11D3-BF4B-00C04F79EFBC}") = "PalmerPenguins", "PalmerPenguins\PalmerPenguins.csproj", "{8AC3AEF0-1A60-4284-B2BD-CB5130E6013D}"
EndProject
Project("{FAE04EC0-301F-11D3-BF4B-00C04F79EFBC}") = "PalmersPenguinsMulticlass", "PalmersPenguinsMulticlass\PalmersPenguinsMulticlass.csproj", "{7DD734DE-E935-4E02-9D32-C3C5B32A4694}"
EndProject
Project("{FAE04EC0-301F-11D3-BF4B-00C04F79EFBC}") = "Placement", "Placement\Placement.csproj", "{F80BEB6D-E0C1-4B85-93BB-AB07A3EEE5BE}"
EndProject
Global
	GlobalSection(SolutionConfigurationPlatforms) = preSolution
		Debug|Any CPU = Debug|Any CPU
		Release|Any CPU = Release|Any CPU
	EndGlobalSection
	GlobalSection(ProjectConfigurationPlatforms) = postSolution
		{65D11803-AA02-4C8B-AC19-526A50C6045B}.Debug|Any CPU.ActiveCfg = Debug|Any CPU
		{65D11803-AA02-4C8B-AC19-526A50C6045B}.Debug|Any CPU.Build.0 = Debug|Any CPU
		{65D11803-AA02-4C8B-AC19-526A50C6045B}.Release|Any CPU.ActiveCfg = Release|Any CPU
		{65D11803-AA02-4C8B-AC19-526A50C6045B}.Release|Any CPU.Build.0 = Release|Any CPU
		{EB10A1B0-6DDE-40C3-A75E-E6BB670D8B49}.Debug|Any CPU.ActiveCfg = Debug|Any CPU
		{EB10A1B0-6DDE-40C3-A75E-E6BB670D8B49}.Debug|Any CPU.Build.0 = Debug|Any CPU
		{EB10A1B0-6DDE-40C3-A75E-E6BB670D8B49}.Release|Any CPU.ActiveCfg = Release|Any CPU
		{EB10A1B0-6DDE-40C3-A75E-E6BB670D8B49}.Release|Any CPU.Build.0 = Release|Any CPU
		{D16C2971-44D5-44CD-95DD-BDA5C77DE355}.Debug|Any CPU.ActiveCfg = Debug|Any CPU
		{D16C2971-44D5-44CD-95DD-BDA5C77DE355}.Debug|Any CPU.Build.0 = Debug|Any CPU
		{D16C2971-44D5-44CD-95DD-BDA5C77DE355}.Release|Any CPU.ActiveCfg = Release|Any CPU
		{D16C2971-44D5-44CD-95DD-BDA5C77DE355}.Release|Any CPU.Build.0 = Release|Any CPU
		{ABFA25C6-2F41-43B4-8A49-C8E772E8A91B}.Debug|Any CPU.ActiveCfg = Debug|Any CPU
		{ABFA25C6-2F41-43B4-8A49-C8E772E8A91B}.Debug|Any CPU.Build.0 = Debug|Any CPU
		{ABFA25C6-2F41-43B4-8A49-C8E772E8A91B}.Release|Any CPU.ActiveCfg = Release|Any CPU
		{ABFA25C6-2F41-43B4-8A49-C8E772E8A91B}.Release|Any CPU.Build.0 = Release|Any CPU
		{4FE17BCD-C306-4A73-A382-35CB0F970ABA}.Debug|Any CPU.ActiveCfg = Debug|Any CPU
		{4FE17BCD-C306-4A73-A382-35CB0F970ABA}.Debug|Any CPU.Build.0 = Debug|Any CPU
		{4FE17BCD-C306-4A73-A382-35CB0F970ABA}.Release|Any CPU.ActiveCfg = Release|Any CPU
		{4FE17BCD-C306-4A73-A382-35CB0F970ABA}.Release|Any CPU.Build.0 = Release|Any CPU
		{34D24163-1996-4FC1-A174-2E962F63E7D9}.Debug|Any CPU.ActiveCfg = Debug|Any CPU
		{34D24163-1996-4FC1-A174-2E962F63E7D9}.Debug|Any CPU.Build.0 = Debug|Any CPU
		{34D24163-1996-4FC1-A174-2E962F63E7D9}.Release|Any CPU.ActiveCfg = Release|Any CPU
		{34D24163-1996-4FC1-A174-2E962F63E7D9}.Release|Any CPU.Build.0 = Release|Any CPU
		{8AC3AEF0-1A60-4284-B2BD-CB5130E6013D}.Debug|Any CPU.ActiveCfg = Debug|Any CPU
		{8AC3AEF0-1A60-4284-B2BD-CB5130E6013D}.Debug|Any CPU.Build.0 = Debug|Any CPU
		{8AC3AEF0-1A60-4284-B2BD-CB5130E6013D}.Release|Any CPU.ActiveCfg = Release|Any CPU
		{8AC3AEF0-1A60-4284-B2BD-CB5130E6013D}.Release|Any CPU.Build.0 = Release|Any CPU
		{7DD734DE-E935-4E02-9D32-C3C5B32A4694}.Debug|Any CPU.ActiveCfg = Debug|Any CPU
		{7DD734DE-E935-4E02-9D32-C3C5B32A4694}.Debug|Any CPU.Build.0 = Debug|Any CPU
		{7DD734DE-E935-4E02-9D32-C3C5B32A4694}.Release|Any CPU.ActiveCfg = Release|Any CPU
		{7DD734DE-E935-4E02-9D32-C3C5B32A4694}.Release|Any CPU.Build.0 = Release|Any CPU
		{F80BEB6D-E0C1-4B85-93BB-AB07A3EEE5BE}.Debug|Any CPU.ActiveCfg = Debug|Any CPU
		{F80BEB6D-E0C1-4B85-93BB-AB07A3EEE5BE}.Debug|Any CPU.Build.0 = Debug|Any CPU
		{F80BEB6D-E0C1-4B85-93BB-AB07A3EEE5BE}.Release|Any CPU.ActiveCfg = Release|Any CPU
		{F80BEB6D-E0C1-4B85-93BB-AB07A3EEE5BE}.Release|Any CPU.Build.0 = Release|Any CPU
	EndGlobalSection
EndGlobal
